// !$*UTF8*$!
{
	archiveVersion = 1;
	classes = {
	};
	objectVersion = 46;
	objects = {

/* Begin PBXBuildFile section */
		830507F51EB0611900F2541C /* tabBarViewController.swift in Sources */ = {isa = PBXBuildFile; fileRef = 830507F41EB0611900F2541C /* tabBarViewController.swift */; };
		830507F71EB0647600F2541C /* CameraViewController.swift in Sources */ = {isa = PBXBuildFile; fileRef = 830507F61EB0647600F2541C /* CameraViewController.swift */; };
		830507F91EB0658B00F2541C /* ImageStore.swift in Sources */ = {isa = PBXBuildFile; fileRef = 830507F81EB0658B00F2541C /* ImageStore.swift */; };
		830508261EB0899E00F2541C /* MainImageTableViewCell.swift in Sources */ = {isa = PBXBuildFile; fileRef = 830508251EB0899E00F2541C /* MainImageTableViewCell.swift */; };
		8305082A1EB089C300F2541C /* InstructionsTableViewCell.swift in Sources */ = {isa = PBXBuildFile; fileRef = 830508291EB089C300F2541C /* InstructionsTableViewCell.swift */; };
		830508301EB25A8200F2541C /* addIngredientTableViewCell.swift in Sources */ = {isa = PBXBuildFile; fileRef = 8305082F1EB25A8200F2541C /* addIngredientTableViewCell.swift */; };
		830508331EB25B9900F2541C /* AddIngredientTableViewController.swift in Sources */ = {isa = PBXBuildFile; fileRef = 830508321EB25B9900F2541C /* AddIngredientTableViewController.swift */; };
		830508361EB5251F00F2541C /* addInstructionsTableViewController.swift in Sources */ = {isa = PBXBuildFile; fileRef = 830508351EB5251F00F2541C /* addInstructionsTableViewController.swift */; };
		830508381EB5253400F2541C /* addInstructionTableViewCell.swift in Sources */ = {isa = PBXBuildFile; fileRef = 830508371EB5253400F2541C /* addInstructionTableViewCell.swift */; };
		8305083A1EB5456F00F2541C /* addedInstructionsTableViewCell.swift in Sources */ = {isa = PBXBuildFile; fileRef = 830508391EB5456F00F2541C /* addedInstructionsTableViewCell.swift */; };
		832B4A5E1EB9558D005FEBA1 /* recipeManager.plist in Resources */ = {isa = PBXBuildFile; fileRef = 832B4A5D1EB9558D005FEBA1 /* recipeManager.plist */; };
		832B4A601EB964F4005FEBA1 /* README.md in Sources */ = {isa = PBXBuildFile; fileRef = 832B4A5F1EB964F4005FEBA1 /* README.md */; };
		83AAA7F61EA9C4D200ADE0DD /* NewRecipeViewController.swift in Sources */ = {isa = PBXBuildFile; fileRef = 83AAA7F51EA9C4D200ADE0DD /* NewRecipeViewController.swift */; };
		83B20B821EA70F9900C323D3 /* AppDelegate.swift in Sources */ = {isa = PBXBuildFile; fileRef = 83B20B811EA70F9900C323D3 /* AppDelegate.swift */; };
		83B20B851EA70F9900C323D3 /* Recipe_Manager.xcdatamodeld in Sources */ = {isa = PBXBuildFile; fileRef = 83B20B831EA70F9900C323D3 /* Recipe_Manager.xcdatamodeld */; };
		83B20B871EA70F9900C323D3 /* MasterViewController.swift in Sources */ = {isa = PBXBuildFile; fileRef = 83B20B861EA70F9900C323D3 /* MasterViewController.swift */; };
		83B20B891EA70F9900C323D3 /* DetailViewController.swift in Sources */ = {isa = PBXBuildFile; fileRef = 83B20B881EA70F9900C323D3 /* DetailViewController.swift */; };
		83B20B8C1EA70F9900C323D3 /* Main.storyboard in Resources */ = {isa = PBXBuildFile; fileRef = 83B20B8A1EA70F9900C323D3 /* Main.storyboard */; };
		83B20B8E1EA70F9900C323D3 /* Assets.xcassets in Resources */ = {isa = PBXBuildFile; fileRef = 83B20B8D1EA70F9900C323D3 /* Assets.xcassets */; };
		83B20B911EA70F9900C323D3 /* LaunchScreen.storyboard in Resources */ = {isa = PBXBuildFile; fileRef = 83B20B8F1EA70F9900C323D3 /* LaunchScreen.storyboard */; };
/* End PBXBuildFile section */

/* Begin PBXFileReference section */
		830507F41EB0611900F2541C /* tabBarViewController.swift */ = {isa = PBXFileReference; fileEncoding = 4; lastKnownFileType = sourcecode.swift; path = tabBarViewController.swift; sourceTree = "<group>"; };
		830507F61EB0647600F2541C /* CameraViewController.swift */ = {isa = PBXFileReference; fileEncoding = 4; lastKnownFileType = sourcecode.swift; path = CameraViewController.swift; sourceTree = "<group>"; };
		830507F81EB0658B00F2541C /* ImageStore.swift */ = {isa = PBXFileReference; fileEncoding = 4; lastKnownFileType = sourcecode.swift; path = ImageStore.swift; sourceTree = "<group>"; };
		830508251EB0899E00F2541C /* MainImageTableViewCell.swift */ = {isa = PBXFileReference; fileEncoding = 4; lastKnownFileType = sourcecode.swift; path = MainImageTableViewCell.swift; sourceTree = "<group>"; };
		830508291EB089C300F2541C /* InstructionsTableViewCell.swift */ = {isa = PBXFileReference; fileEncoding = 4; lastKnownFileType = sourcecode.swift; path = InstructionsTableViewCell.swift; sourceTree = "<group>"; };
		8305082F1EB25A8200F2541C /* addIngredientTableViewCell.swift */ = {isa = PBXFileReference; fileEncoding = 4; lastKnownFileType = sourcecode.swift; path = addIngredientTableViewCell.swift; sourceTree = "<group>"; };
		830508321EB25B9900F2541C /* AddIngredientTableViewController.swift */ = {isa = PBXFileReference; fileEncoding = 4; lastKnownFileType = sourcecode.swift; path = AddIngredientTableViewController.swift; sourceTree = "<group>"; };
		830508351EB5251F00F2541C /* addInstructionsTableViewController.swift */ = {isa = PBXFileReference; fileEncoding = 4; lastKnownFileType = sourcecode.swift; path = addInstructionsTableViewController.swift; sourceTree = "<group>"; };
		830508371EB5253400F2541C /* addInstructionTableViewCell.swift */ = {isa = PBXFileReference; fileEncoding = 4; lastKnownFileType = sourcecode.swift; path = addInstructionTableViewCell.swift; sourceTree = "<group>"; };
		830508391EB5456F00F2541C /* addedInstructionsTableViewCell.swift */ = {isa = PBXFileReference; fileEncoding = 4; lastKnownFileType = sourcecode.swift; path = addedInstructionsTableViewCell.swift; sourceTree = "<group>"; };
		832B4A5D1EB9558D005FEBA1 /* recipeManager.plist */ = {isa = PBXFileReference; fileEncoding = 4; lastKnownFileType = text.plist.xml; path = recipeManager.plist; sourceTree = "<group>"; };
		832B4A5F1EB964F4005FEBA1 /* README.md */ = {isa = PBXFileReference; fileEncoding = 4; lastKnownFileType = net.daringfireball.markdown; name = README.md; path = ../README.md; sourceTree = "<group>"; };
		83AAA7F51EA9C4D200ADE0DD /* NewRecipeViewController.swift */ = {isa = PBXFileReference; fileEncoding = 4; lastKnownFileType = sourcecode.swift; path = NewRecipeViewController.swift; sourceTree = "<group>"; };
		83B20B7E1EA70F9900C323D3 /* Recipe Manager.app */ = {isa = PBXFileReference; explicitFileType = wrapper.application; includeInIndex = 0; path = "Recipe Manager.app"; sourceTree = BUILT_PRODUCTS_DIR; };
		83B20B811EA70F9900C323D3 /* AppDelegate.swift */ = {isa = PBXFileReference; lastKnownFileType = sourcecode.swift; path = AppDelegate.swift; sourceTree = "<group>"; };
		83B20B841EA70F9900C323D3 /* Recipe_Manager.xcdatamodel */ = {isa = PBXFileReference; lastKnownFileType = wrapper.xcdatamodel; path = Recipe_Manager.xcdatamodel; sourceTree = "<group>"; };
		83B20B861EA70F9900C323D3 /* MasterViewController.swift */ = {isa = PBXFileReference; lastKnownFileType = sourcecode.swift; path = MasterViewController.swift; sourceTree = "<group>"; };
		83B20B881EA70F9900C323D3 /* DetailViewController.swift */ = {isa = PBXFileReference; lastKnownFileType = sourcecode.swift; path = DetailViewController.swift; sourceTree = "<group>"; };
		83B20B8B1EA70F9900C323D3 /* Base */ = {isa = PBXFileReference; lastKnownFileType = file.storyboard; name = Base; path = Base.lproj/Main.storyboard; sourceTree = "<group>"; };
		83B20B8D1EA70F9900C323D3 /* Assets.xcassets */ = {isa = PBXFileReference; lastKnownFileType = folder.assetcatalog; path = Assets.xcassets; sourceTree = "<group>"; };
		83B20B901EA70F9900C323D3 /* Base */ = {isa = PBXFileReference; lastKnownFileType = file.storyboard; name = Base; path = Base.lproj/LaunchScreen.storyboard; sourceTree = "<group>"; };
		83B20B921EA70F9900C323D3 /* Info.plist */ = {isa = PBXFileReference; lastKnownFileType = text.plist.xml; path = Info.plist; sourceTree = "<group>"; };
/* End PBXFileReference section */

/* Begin PBXFrameworksBuildPhase section */
		83B20B7B1EA70F9900C323D3 /* Frameworks */ = {
			isa = PBXFrameworksBuildPhase;
			buildActionMask = 2147483647;
			files = (
			);
			runOnlyForDeploymentPostprocessing = 0;
		};
/* End PBXFrameworksBuildPhase section */

/* Begin PBXGroup section */
		830508241EB088FD00F2541C /* Recipe Editor */ = {
			isa = PBXGroup;
			children = (
				830507F41EB0611900F2541C /* tabBarViewController.swift */,
				830507F61EB0647600F2541C /* CameraViewController.swift */,
				830508251EB0899E00F2541C /* MainImageTableViewCell.swift */,
				830508291EB089C300F2541C /* InstructionsTableViewCell.swift */,
				830508341EB524DD00F2541C /* Add Instructions */,
				830508311EB25B8000F2541C /* Add Ingredients */,
			);
			name = "Recipe Editor";
			sourceTree = "<group>";
		};
		830508311EB25B8000F2541C /* Add Ingredients */ = {
			isa = PBXGroup;
			children = (
				830508321EB25B9900F2541C /* AddIngredientTableViewController.swift */,
				8305082F1EB25A8200F2541C /* addIngredientTableViewCell.swift */,
			);
			name = "Add Ingredients";
			sourceTree = "<group>";
		};
		830508341EB524DD00F2541C /* Add Instructions */ = {
			isa = PBXGroup;
			children = (
				830508351EB5251F00F2541C /* addInstructionsTableViewController.swift */,
				830508391EB5456F00F2541C /* addedInstructionsTableViewCell.swift */,
				830508371EB5253400F2541C /* addInstructionTableViewCell.swift */,
			);
			name = "Add Instructions";
			sourceTree = "<group>";
		};
		83B20B751EA70F9900C323D3 = {
			isa = PBXGroup;
			children = (
				83B20B801EA70F9900C323D3 /* Recipe Manager */,
				83B20B7F1EA70F9900C323D3 /* Products */,
			);
			sourceTree = "<group>";
		};
		83B20B7F1EA70F9900C323D3 /* Products */ = {
			isa = PBXGroup;
			children = (
				83B20B7E1EA70F9900C323D3 /* Recipe Manager.app */,
			);
			name = Products;
			sourceTree = "<group>";
		};
		83B20B801EA70F9900C323D3 /* Recipe Manager */ = {
			isa = PBXGroup;
			children = (
				83B20B811EA70F9900C323D3 /* AppDelegate.swift */,
				83B20B861EA70F9900C323D3 /* MasterViewController.swift */,
				83B20B881EA70F9900C323D3 /* DetailViewController.swift */,
				83AAA7F51EA9C4D200ADE0DD /* NewRecipeViewController.swift */,
				830507F81EB0658B00F2541C /* ImageStore.swift */,
				83B20B8A1EA70F9900C323D3 /* Main.storyboard */,
				830508241EB088FD00F2541C /* Recipe Editor */,
				83B20B8D1EA70F9900C323D3 /* Assets.xcassets */,
				83B20B8F1EA70F9900C323D3 /* LaunchScreen.storyboard */,
				832B4A5D1EB9558D005FEBA1 /* recipeManager.plist */,
				83B20B921EA70F9900C323D3 /* Info.plist */,
				83B20B831EA70F9900C323D3 /* Recipe_Manager.xcdatamodeld */,
				832B4A5F1EB964F4005FEBA1 /* README.md */,
			);
			path = "Recipe Manager";
			sourceTree = "<group>";
		};
/* End PBXGroup section */

/* Begin PBXNativeTarget section */
		83B20B7D1EA70F9900C323D3 /* Recipe Manager */ = {
			isa = PBXNativeTarget;
			buildConfigurationList = 83B20B951EA70F9900C323D3 /* Build configuration list for PBXNativeTarget "Recipe Manager" */;
			buildPhases = (
				83B20B7A1EA70F9900C323D3 /* Sources */,
				83B20B7B1EA70F9900C323D3 /* Frameworks */,
				83B20B7C1EA70F9900C323D3 /* Resources */,
			);
			buildRules = (
			);
			dependencies = (
			);
			name = "Recipe Manager";
			productName = "Recipe Manager";
			productReference = 83B20B7E1EA70F9900C323D3 /* Recipe Manager.app */;
			productType = "com.apple.product-type.application";
		};
/* End PBXNativeTarget section */

/* Begin PBXProject section */
		83B20B761EA70F9900C323D3 /* Project object */ = {
			isa = PBXProject;
			attributes = {
				LastSwiftUpdateCheck = 0830;
				LastUpgradeCheck = 0830;
				ORGANIZATIONNAME = "Chris Hight";
				TargetAttributes = {
					83B20B7D1EA70F9900C323D3 = {
						CreatedOnToolsVersion = 8.3.1;
						DevelopmentTeam = 266548894Y;
						ProvisioningStyle = Automatic;
					};
				};
			};
			buildConfigurationList = 83B20B791EA70F9900C323D3 /* Build configuration list for PBXProject "Recipe Manager" */;
			compatibilityVersion = "Xcode 3.2";
			developmentRegion = English;
			hasScannedForEncodings = 0;
			knownRegions = (
				en,
				Base,
			);
			mainGroup = 83B20B751EA70F9900C323D3;
			productRefGroup = 83B20B7F1EA70F9900C323D3 /* Products */;
			projectDirPath = "";
			projectRoot = "";
			targets = (
				83B20B7D1EA70F9900C323D3 /* Recipe Manager */,
			);
		};
/* End PBXProject section */

/* Begin PBXResourcesBuildPhase section */
		83B20B7C1EA70F9900C323D3 /* Resources */ = {
			isa = PBXResourcesBuildPhase;
			buildActionMask = 2147483647;
			files = (
				832B4A5E1EB9558D005FEBA1 /* recipeManager.plist in Resources */,
				83B20B911EA70F9900C323D3 /* LaunchScreen.storyboard in Resources */,
				83B20B8E1EA70F9900C323D3 /* Assets.xcassets in Resources */,
				83B20B8C1EA70F9900C323D3 /* Main.storyboard in Resources */,
			);
			runOnlyForDeploymentPostprocessing = 0;
		};
/* End PBXResourcesBuildPhase section */

/* Begin PBXSourcesBuildPhase section */
		83B20B7A1EA70F9900C323D3 /* Sources */ = {
			isa = PBXSourcesBuildPhase;
			buildActionMask = 2147483647;
			files = (
				830507F51EB0611900F2541C /* tabBarViewController.swift in Sources */,
				83B20B821EA70F9900C323D3 /* AppDelegate.swift in Sources */,
				83B20B851EA70F9900C323D3 /* Recipe_Manager.xcdatamodeld in Sources */,
				830508261EB0899E00F2541C /* MainImageTableViewCell.swift in Sources */,
				830508301EB25A8200F2541C /* addIngredientTableViewCell.swift in Sources */,
				830507F91EB0658B00F2541C /* ImageStore.swift in Sources */,
				832B4A601EB964F4005FEBA1 /* README.md in Sources */,
				830508361EB5251F00F2541C /* addInstructionsTableViewController.swift in Sources */,
				8305082A1EB089C300F2541C /* InstructionsTableViewCell.swift in Sources */,
				83B20B871EA70F9900C323D3 /* MasterViewController.swift in Sources */,
				8305083A1EB5456F00F2541C /* addedInstructionsTableViewCell.swift in Sources */,
				830507F71EB0647600F2541C /* CameraViewController.swift in Sources */,
				830508381EB5253400F2541C /* addInstructionTableViewCell.swift in Sources */,
				83B20B891EA70F9900C323D3 /* DetailViewController.swift in Sources */,
				83AAA7F61EA9C4D200ADE0DD /* NewRecipeViewController.swift in Sources */,
				830508331EB25B9900F2541C /* AddIngredientTableViewController.swift in Sources */,
			);
			runOnlyForDeploymentPostprocessing = 0;
		};
/* End PBXSourcesBuildPhase section */

/* Begin PBXVariantGroup section */
		83B20B8A1EA70F9900C323D3 /* Main.storyboard */ = {
			isa = PBXVariantGroup;
			children = (
				83B20B8B1EA70F9900C323D3 /* Base */,
			);
			name = Main.storyboard;
			sourceTree = "<group>";
		};
		83B20B8F1EA70F9900C323D3 /* LaunchScreen.storyboard */ = {
			isa = PBXVariantGroup;
			children = (
				83B20B901EA70F9900C323D3 /* Base */,
			);
			name = LaunchScreen.storyboard;
			sourceTree = "<group>";
		};
/* End PBXVariantGroup section */

/* Begin XCBuildConfiguration section */
		83B20B931EA70F9900C323D3 /* Debug */ = {
			isa = XCBuildConfiguration;
			buildSettings = {
				ALWAYS_SEARCH_USER_PATHS = NO;
				CLANG_ANALYZER_NONNULL = YES;
				CLANG_ANALYZER_NUMBER_OBJECT_CONVERSION = YES_AGGRESSIVE;
				CLANG_CXX_LANGUAGE_STANDARD = "gnu++0x";
				CLANG_CXX_LIBRARY = "libc++";
				CLANG_ENABLE_MODULES = YES;
				CLANG_ENABLE_OBJC_ARC = YES;
				CLANG_WARN_BOOL_CONVERSION = YES;
				CLANG_WARN_CONSTANT_CONVERSION = YES;
				CLANG_WARN_DIRECT_OBJC_ISA_USAGE = YES_ERROR;
				CLANG_WARN_DOCUMENTATION_COMMENTS = YES;
				CLANG_WARN_EMPTY_BODY = YES;
				CLANG_WARN_ENUM_CONVERSION = YES;
				CLANG_WARN_INFINITE_RECURSION = YES;
				CLANG_WARN_INT_CONVERSION = YES;
				CLANG_WARN_OBJC_ROOT_CLASS = YES_ERROR;
				CLANG_WARN_SUSPICIOUS_MOVE = YES;
				CLANG_WARN_UNREACHABLE_CODE = YES;
				CLANG_WARN__DUPLICATE_METHOD_MATCH = YES;
				"CODE_SIGN_IDENTITY[sdk=iphoneos*]" = "iPhone Developer";
				COPY_PHASE_STRIP = NO;
				DEBUG_INFORMATION_FORMAT = dwarf;
				ENABLE_STRICT_OBJC_MSGSEND = YES;
				ENABLE_TESTABILITY = YES;
				GCC_C_LANGUAGE_STANDARD = gnu99;
				GCC_DYNAMIC_NO_PIC = NO;
				GCC_NO_COMMON_BLOCKS = YES;
				GCC_OPTIMIZATION_LEVEL = 0;
				GCC_PREPROCESSOR_DEFINITIONS = (
					"DEBUG=1",
					"$(inherited)",
				);
				GCC_WARN_64_TO_32_BIT_CONVERSION = YES;
				GCC_WARN_ABOUT_RETURN_TYPE = YES_ERROR;
				GCC_WARN_UNDECLARED_SELECTOR = YES;
				GCC_WARN_UNINITIALIZED_AUTOS = YES_AGGRESSIVE;
				GCC_WARN_UNUSED_FUNCTION = YES;
				GCC_WARN_UNUSED_VARIABLE = YES;
				IPHONEOS_DEPLOYMENT_TARGET = 10.3;
				MTL_ENABLE_DEBUG_INFO = YES;
				ONLY_ACTIVE_ARCH = YES;
				SDKROOT = iphoneos;
				SWIFT_ACTIVE_COMPILATION_CONDITIONS = DEBUG;
				SWIFT_OPTIMIZATION_LEVEL = "-Onone";
				TARGETED_DEVICE_FAMILY = "1,2";
			};
			name = Debug;
		};
		83B20B941EA70F9900C323D3 /* Release */ = {
			isa = XCBuildConfiguration;
			buildSettings = {
				ALWAYS_SEARCH_USER_PATHS = NO;
				CLANG_ANALYZER_NONNULL = YES;
				CLANG_ANALYZER_NUMBER_OBJECT_CONVERSION = YES_AGGRESSIVE;
				CLANG_CXX_LANGUAGE_STANDARD = "gnu++0x";
				CLANG_CXX_LIBRARY = "libc++";
				CLANG_ENABLE_MODULES = YES;
				CLANG_ENABLE_OBJC_ARC = YES;
				CLANG_WARN_BOOL_CONVERSION = YES;
				CLANG_WARN_CONSTANT_CONVERSION = YES;
				CLANG_WARN_DIRECT_OBJC_ISA_USAGE = YES_ERROR;
				CLANG_WARN_DOCUMENTATION_COMMENTS = YES;
				CLANG_WARN_EMPTY_BODY = YES;
				CLANG_WARN_ENUM_CONVERSION = YES;
				CLANG_WARN_INFINITE_RECURSION = YES;
				CLANG_WARN_INT_CONVERSION = YES;
				CLANG_WARN_OBJC_ROOT_CLASS = YES_ERROR;
				CLANG_WARN_SUSPICIOUS_MOVE = YES;
				CLANG_WARN_UNREACHABLE_CODE = YES;
				CLANG_WARN__DUPLICATE_METHOD_MATCH = YES;
				"CODE_SIGN_IDENTITY[sdk=iphoneos*]" = "iPhone Developer";
				COPY_PHASE_STRIP = NO;
				DEBUG_INFORMATION_FORMAT = "dwarf-with-dsym";
				ENABLE_NS_ASSERTIONS = NO;
				ENABLE_STRICT_OBJC_MSGSEND = YES;
				GCC_C_LANGUAGE_STANDARD = gnu99;
				GCC_NO_COMMON_BLOCKS = YES;
				GCC_WARN_64_TO_32_BIT_CONVERSION = YES;
				GCC_WARN_ABOUT_RETURN_TYPE = YES_ERROR;
				GCC_WARN_UNDECLARED_SELECTOR = YES;
				GCC_WARN_UNINITIALIZED_AUTOS = YES_AGGRESSIVE;
				GCC_WARN_UNUSED_FUNCTION = YES;
				GCC_WARN_UNUSED_VARIABLE = YES;
				IPHONEOS_DEPLOYMENT_TARGET = 10.3;
				MTL_ENABLE_DEBUG_INFO = NO;
				SDKROOT = iphoneos;
				SWIFT_OPTIMIZATION_LEVEL = "-Owholemodule";
				TARGETED_DEVICE_FAMILY = "1,2";
				VALIDATE_PRODUCT = YES;
			};
			name = Release;
		};
		83B20B961EA70F9900C323D3 /* Debug */ = {
			isa = XCBuildConfiguration;
			buildSettings = {
				ASSETCATALOG_COMPILER_APPICON_NAME = AppIcon;
				DEVELOPMENT_TEAM = 266548894Y;
				INFOPLIST_FILE = "Recipe Manager/Info.plist";
				LD_RUNPATH_SEARCH_PATHS = "$(inherited) @executable_path/Frameworks";
				PRODUCT_BUNDLE_IDENTIFIER = "edu.wsu.vancouver.Recipe-Manager";
				PRODUCT_NAME = "$(TARGET_NAME)";
				SWIFT_VERSION = 3.0;
			};
			name = Debug;
		};
		83B20B971EA70F9900C323D3 /* Release */ = {
			isa = XCBuildConfiguration;
			buildSettings = {
				ASSETCATALOG_COMPILER_APPICON_NAME = AppIcon;
				DEVELOPMENT_TEAM = 266548894Y;
				INFOPLIST_FILE = "Recipe Manager/Info.plist";
				LD_RUNPATH_SEARCH_PATHS = "$(inherited) @executable_path/Frameworks";
				PRODUCT_BUNDLE_IDENTIFIER = "edu.wsu.vancouver.Recipe-Manager";
				PRODUCT_NAME = "$(TARGET_NAME)";
				SWIFT_VERSION = 3.0;
			};
			name = Release;
		};
/* End XCBuildConfiguration section */

/* Begin XCConfigurationList section */
		83B20B791EA70F9900C323D3 /* Build configuration list for PBXProject "Recipe Manager" */ = {
			isa = XCConfigurationList;
			buildConfigurations = (
				83B20B931EA70F9900C323D3 /* Debug */,
				83B20B941EA70F9900C323D3 /* Release */,
			);
			defaultConfigurationIsVisible = 0;
			defaultConfigurationName = Release;
		};
		83B20B951EA70F9900C323D3 /* Build configuration list for PBXNativeTarget "Recipe Manager" */ = {
			isa = XCConfigurationList;
			buildConfigurations = (
				83B20B961EA70F9900C323D3 /* Debug */,
				83B20B971EA70F9900C323D3 /* Release */,
			);
			defaultConfigurationIsVisible = 0;
			defaultConfigurationName = Release;
		};
/* End XCConfigurationList section */

/* Begin XCVersionGroup section */
		83B20B831EA70F9900C323D3 /* Recipe_Manager.xcdatamodeld */ = {
			isa = XCVersionGroup;
			children = (
				83B20B841EA70F9900C323D3 /* Recipe_Manager.xcdatamodel */,
			);
			currentVersion = 83B20B841EA70F9900C323D3 /* Recipe_Manager.xcdatamodel */;
			path = Recipe_Manager.xcdatamodeld;
			sourceTree = "<group>";
			versionGroupType = wrapper.xcdatamodel;
		};
/* End XCVersionGroup section */
	};
	rootObject = 83B20B761EA70F9900C323D3 /* Project object */;
}
